
Microsoft Visual Studio Solution File, Format Version 12.00
# Visual Studio 2013
VisualStudioVersion = 12.0.31101.0
MinimumVisualStudioVersion = 10.0.40219.1
Project("{FAE04EC0-301F-11D3-BF4B-00C04F79EFBC}") = "Build_Test", "Build Test\Build_Test.csproj", "{AAF7B03B-61D8-4124-86D3-47AE600520FF}"
EndProject
Project("{2150E333-8FDC-42A3-9474-1A3956D46DE8}") = ".nuget", ".nuget", "{B676E5A1-FDE8-446D-840E-50FF77F91334}"
	ProjectSection(SolutionItems) = preProject
		.nuget\packages.config = .nuget\packages.config
	EndProjectSection
EndProject
Global
	GlobalSection(TeamFoundationVersionControl) = preSolution
		SccNumberOfProjects = 1
		SccEnterpriseProvider = {4CA58AB2-18FA-4F8D-95D4-32DDF27D184C}
		SccTeamFoundationServer = https://nemanet.visualstudio.com/
		SccProjectUniqueName0 = Build\u0020Test\\Build_Test.csproj
		SccProjectName0 = Build\u0020Test
		SccAuxPath0 = https://nemanet.visualstudio.com
		SccLocalPath0 = Build\u0020Test
		SccProvider0 = {4CA58AB2-18FA-4F8D-95D4-32DDF27D184C}
	EndGlobalSection
	GlobalSection(SolutionConfigurationPlatforms) = preSolution
		Debug|Any CPU = Debug|Any CPU
		Release|Any CPU = Release|Any CPU
	EndGlobalSection
	GlobalSection(ProjectConfigurationPlatforms) = postSolution
		{AAF7B03B-61D8-4124-86D3-47AE600520FF}.Debug|Any CPU.ActiveCfg = Debug|Any CPU
		{AAF7B03B-61D8-4124-86D3-47AE600520FF}.Debug|Any CPU.Build.0 = Debug|Any CPU
		{AAF7B03B-61D8-4124-86D3-47AE600520FF}.Release|Any CPU.ActiveCfg = Release|Any CPU
		{AAF7B03B-61D8-4124-86D3-47AE600520FF}.Release|Any CPU.Build.0 = Release|Any CPU
	EndGlobalSection
	GlobalSection(SolutionProperties) = preSolution
		HideSolutionNode = FALSE
	EndGlobalSection
EndGlobal
